// !$*UTF8*$!
{
	archiveVersion = 1;
	classes = {
	};
	objectVersion = 46;
	objects = {

/* Begin PBXBuildFile section */
		2908B6C41F06E615003883CD /* TabViewController.swift in Sources */ = {isa = PBXBuildFile; fileRef = 2908B6C31F06E615003883CD /* TabViewController.swift */; };
		292AE7A21EFFDE400067FABB /* Constants.swift in Sources */ = {isa = PBXBuildFile; fileRef = 292AE7A11EFFDE400067FABB /* Constants.swift */; };
		292AE7A41EFFEBBD0067FABB /* ArtistsTableViewController.swift in Sources */ = {isa = PBXBuildFile; fileRef = 292AE7A31EFFEBBD0067FABB /* ArtistsTableViewController.swift */; };
		292AE7A71EFFF5850067FABB /* SongsTableViewController.swift in Sources */ = {isa = PBXBuildFile; fileRef = 292AE7A61EFFF5850067FABB /* SongsTableViewController.swift */; };
		292AE7A91F002AD00067FABB /* ServersTableViewController.swift in Sources */ = {isa = PBXBuildFile; fileRef = 292AE7A81F002AD00067FABB /* ServersTableViewController.swift */; };
		292AE7AD1F0031510067FABB /* ServerDetailViewController.swift in Sources */ = {isa = PBXBuildFile; fileRef = 292AE7AC1F0031510067FABB /* ServerDetailViewController.swift */; };
		292AE7AF1F03FA980067FABB /* LibraryTableViewController.swift in Sources */ = {isa = PBXBuildFile; fileRef = 292AE7AE1F03FA980067FABB /* LibraryTableViewController.swift */; };
		292AE7B21F06B3460067FABB /* SynchronizeOperation.swift in Sources */ = {isa = PBXBuildFile; fileRef = 292AE7B11F06B3460067FABB /* SynchronizeOperation.swift */; };
		2963B1601F0FC093009857CE /* SettingsTableViewController.swift in Sources */ = {isa = PBXBuildFile; fileRef = 2963B15F1F0FC093009857CE /* SettingsTableViewController.swift */; };
		296835381EC487E7004BCA50 /* AppDelegate.swift in Sources */ = {isa = PBXBuildFile; fileRef = 296835371EC487E7004BCA50 /* AppDelegate.swift */; };
		2968353F1EC487E7004BCA50 /* Main.storyboard in Resources */ = {isa = PBXBuildFile; fileRef = 2968353D1EC487E7004BCA50 /* Main.storyboard */; };
		296835411EC487E7004BCA50 /* Assets.xcassets in Resources */ = {isa = PBXBuildFile; fileRef = 296835401EC487E7004BCA50 /* Assets.xcassets */; };
		296835441EC487E7004BCA50 /* LaunchScreen.storyboard in Resources */ = {isa = PBXBuildFile; fileRef = 296835421EC487E7004BCA50 /* LaunchScreen.storyboard */; };
		2968354F1EC487E7004BCA50 /* MusicSyncTests.swift in Sources */ = {isa = PBXBuildFile; fileRef = 2968354E1EC487E7004BCA50 /* MusicSyncTests.swift */; };
		2968355A1EC487E7004BCA50 /* MusicSyncUITests.swift in Sources */ = {isa = PBXBuildFile; fileRef = 296835591EC487E7004BCA50 /* MusicSyncUITests.swift */; };
		2968356D1EFAD08C004BCA50 /* DataModel.xcdatamodeld in Sources */ = {isa = PBXBuildFile; fileRef = 2968356B1EFAD08C004BCA50 /* DataModel.xcdatamodeld */; };
		296835BD1EFD40CA004BCA50 /* AlbumsTableViewController.swift in Sources */ = {isa = PBXBuildFile; fileRef = 296835BC1EFD40CA004BCA50 /* AlbumsTableViewController.swift */; };
		296835C11EFD4114004BCA50 /* PlaylistsTableViewController.swift in Sources */ = {isa = PBXBuildFile; fileRef = 296835C01EFD4114004BCA50 /* PlaylistsTableViewController.swift */; };
		296835C31EFD4148004BCA50 /* PlayingViewController.swift in Sources */ = {isa = PBXBuildFile; fileRef = 296835C21EFD4148004BCA50 /* PlayingViewController.swift */; };
		29FCB9451F1D2D230000B6FD /* songs_1x.png in Resources */ = {isa = PBXBuildFile; fileRef = 29FCB9411F1D2D230000B6FD /* songs_1x.png */; };
		29FCB9461F1D2D230000B6FD /* songs_2x.png in Resources */ = {isa = PBXBuildFile; fileRef = 29FCB9421F1D2D230000B6FD /* songs_2x.png */; };
		29FCB9471F1D2D230000B6FD /* songs_3x.png in Resources */ = {isa = PBXBuildFile; fileRef = 29FCB9431F1D2D230000B6FD /* songs_3x.png */; };
		29FCB9481F1D2D230000B6FD /* songs_512x512.png in Resources */ = {isa = PBXBuildFile; fileRef = 29FCB9441F1D2D230000B6FD /* songs_512x512.png */; };
		29FCB94F1F1D2E100000B6FD /* playlists_1x.png in Resources */ = {isa = PBXBuildFile; fileRef = 29FCB94B1F1D2E100000B6FD /* playlists_1x.png */; };
		29FCB9501F1D2E100000B6FD /* playlists_2x.png in Resources */ = {isa = PBXBuildFile; fileRef = 29FCB94C1F1D2E100000B6FD /* playlists_2x.png */; };
		29FCB9511F1D2E100000B6FD /* playlists_3x.png in Resources */ = {isa = PBXBuildFile; fileRef = 29FCB94D1F1D2E100000B6FD /* playlists_3x.png */; };
		29FCB9521F1D2E100000B6FD /* playlists_512x512.png in Resources */ = {isa = PBXBuildFile; fileRef = 29FCB94E1F1D2E100000B6FD /* playlists_512x512.png */; };
		29FCB9581F1D2EE50000B6FD /* artists_3x.png in Resources */ = {isa = PBXBuildFile; fileRef = 29FCB9541F1D2EE50000B6FD /* artists_3x.png */; };
		29FCB9591F1D2EE50000B6FD /* artists_2x.png in Resources */ = {isa = PBXBuildFile; fileRef = 29FCB9551F1D2EE50000B6FD /* artists_2x.png */; };
		29FCB95A1F1D2EE50000B6FD /* artists_1x.png in Resources */ = {isa = PBXBuildFile; fileRef = 29FCB9561F1D2EE50000B6FD /* artists_1x.png */; };
		29FCB95B1F1D2EE50000B6FD /* artists_512x512.png in Resources */ = {isa = PBXBuildFile; fileRef = 29FCB9571F1D2EE50000B6FD /* artists_512x512.png */; };
		29FCB9611F1D2FC60000B6FD /* playing_3x.png in Resources */ = {isa = PBXBuildFile; fileRef = 29FCB95D1F1D2FC60000B6FD /* playing_3x.png */; };
		29FCB9621F1D2FC60000B6FD /* playing_2x.png in Resources */ = {isa = PBXBuildFile; fileRef = 29FCB95E1F1D2FC60000B6FD /* playing_2x.png */; };
		29FCB9631F1D2FC60000B6FD /* playing_1x.png in Resources */ = {isa = PBXBuildFile; fileRef = 29FCB95F1F1D2FC60000B6FD /* playing_1x.png */; };
		29FCB9641F1D2FC60000B6FD /* playing_512x512.png in Resources */ = {isa = PBXBuildFile; fileRef = 29FCB9601F1D2FC60000B6FD /* playing_512x512.png */; };
		29FCB96A1F1D30CD0000B6FD /* download_1x.png in Resources */ = {isa = PBXBuildFile; fileRef = 29FCB9661F1D30CD0000B6FD /* download_1x.png */; };
		29FCB96B1F1D30CD0000B6FD /* download_2x.png in Resources */ = {isa = PBXBuildFile; fileRef = 29FCB9671F1D30CD0000B6FD /* download_2x.png */; };
		29FCB96C1F1D30CD0000B6FD /* download_3x.png in Resources */ = {isa = PBXBuildFile; fileRef = 29FCB9681F1D30CD0000B6FD /* download_3x.png */; };
		29FCB96D1F1D30CD0000B6FD /* download_512x512.png in Resources */ = {isa = PBXBuildFile; fileRef = 29FCB9691F1D30CD0000B6FD /* download_512x512.png */; };
		484E21685EBE3E88850F8D18 /* Pods_MusicSyncUITests.framework in Frameworks */ = {isa = PBXBuildFile; fileRef = 03CA914FCBD68974E35E3637 /* Pods_MusicSyncUITests.framework */; };
		59753B536FED5791A436F1D0 /* Pods_MusicSync.framework in Frameworks */ = {isa = PBXBuildFile; fileRef = 5BB3629455D88ACA7F6280D7 /* Pods_MusicSync.framework */; };
		B92BA86EE72BDB3EF069AF90 /* Pods_MusicSync_MusicSyncTests.framework in Frameworks */ = {isa = PBXBuildFile; fileRef = 55A6F7D2BAAD1FFEC4DCE9DC /* Pods_MusicSync_MusicSyncTests.framework */; };
/* End PBXBuildFile section */

/* Begin PBXContainerItemProxy section */
		2968354B1EC487E7004BCA50 /* PBXContainerItemProxy */ = {
			isa = PBXContainerItemProxy;
			containerPortal = 2968352C1EC487E7004BCA50 /* Project object */;
			proxyType = 1;
			remoteGlobalIDString = 296835331EC487E7004BCA50;
			remoteInfo = MusicSync;
		};
		296835561EC487E7004BCA50 /* PBXContainerItemProxy */ = {
			isa = PBXContainerItemProxy;
			containerPortal = 2968352C1EC487E7004BCA50 /* Project object */;
			proxyType = 1;
			remoteGlobalIDString = 296835331EC487E7004BCA50;
			remoteInfo = MusicSync;
		};
/* End PBXContainerItemProxy section */

/* Begin PBXFileReference section */
		03CA914FCBD68974E35E3637 /* Pods_MusicSyncUITests.framework */ = {isa = PBXFileReference; explicitFileType = wrapper.framework; includeInIndex = 0; path = Pods_MusicSyncUITests.framework; sourceTree = BUILT_PRODUCTS_DIR; };
		2908B6C31F06E615003883CD /* TabViewController.swift */ = {isa = PBXFileReference; fileEncoding = 4; lastKnownFileType = sourcecode.swift; path = TabViewController.swift; sourceTree = "<group>"; };
		292AE7A11EFFDE400067FABB /* Constants.swift */ = {isa = PBXFileReference; fileEncoding = 4; lastKnownFileType = sourcecode.swift; path = Constants.swift; sourceTree = "<group>"; };
		292AE7A31EFFEBBD0067FABB /* ArtistsTableViewController.swift */ = {isa = PBXFileReference; fileEncoding = 4; lastKnownFileType = sourcecode.swift; path = ArtistsTableViewController.swift; sourceTree = "<group>"; };
		292AE7A61EFFF5850067FABB /* SongsTableViewController.swift */ = {isa = PBXFileReference; fileEncoding = 4; lastKnownFileType = sourcecode.swift; path = SongsTableViewController.swift; sourceTree = "<group>"; };
		292AE7A81F002AD00067FABB /* ServersTableViewController.swift */ = {isa = PBXFileReference; fileEncoding = 4; lastKnownFileType = sourcecode.swift; path = ServersTableViewController.swift; sourceTree = "<group>"; };
		292AE7AC1F0031510067FABB /* ServerDetailViewController.swift */ = {isa = PBXFileReference; fileEncoding = 4; lastKnownFileType = sourcecode.swift; path = ServerDetailViewController.swift; sourceTree = "<group>"; };
		292AE7AE1F03FA980067FABB /* LibraryTableViewController.swift */ = {isa = PBXFileReference; fileEncoding = 4; lastKnownFileType = sourcecode.swift; path = LibraryTableViewController.swift; sourceTree = "<group>"; };
		292AE7B11F06B3460067FABB /* SynchronizeOperation.swift */ = {isa = PBXFileReference; fileEncoding = 4; lastKnownFileType = sourcecode.swift; path = SynchronizeOperation.swift; sourceTree = "<group>"; };
		2963B15F1F0FC093009857CE /* SettingsTableViewController.swift */ = {isa = PBXFileReference; fileEncoding = 4; lastKnownFileType = sourcecode.swift; path = SettingsTableViewController.swift; sourceTree = "<group>"; };
		296835341EC487E7004BCA50 /* MusicSync.app */ = {isa = PBXFileReference; explicitFileType = wrapper.application; includeInIndex = 0; path = MusicSync.app; sourceTree = BUILT_PRODUCTS_DIR; };
		296835371EC487E7004BCA50 /* AppDelegate.swift */ = {isa = PBXFileReference; lastKnownFileType = sourcecode.swift; path = AppDelegate.swift; sourceTree = "<group>"; };
		2968353E1EC487E7004BCA50 /* Base */ = {isa = PBXFileReference; lastKnownFileType = file.storyboard; name = Base; path = Base.lproj/Main.storyboard; sourceTree = "<group>"; };
		296835401EC487E7004BCA50 /* Assets.xcassets */ = {isa = PBXFileReference; lastKnownFileType = folder.assetcatalog; path = Assets.xcassets; sourceTree = "<group>"; };
		296835431EC487E7004BCA50 /* Base */ = {isa = PBXFileReference; lastKnownFileType = file.storyboard; name = Base; path = Base.lproj/LaunchScreen.storyboard; sourceTree = "<group>"; };
		296835451EC487E7004BCA50 /* Info.plist */ = {isa = PBXFileReference; lastKnownFileType = text.plist.xml; path = Info.plist; sourceTree = "<group>"; };
		2968354A1EC487E7004BCA50 /* MusicSyncTests.xctest */ = {isa = PBXFileReference; explicitFileType = wrapper.cfbundle; includeInIndex = 0; path = MusicSyncTests.xctest; sourceTree = BUILT_PRODUCTS_DIR; };
		2968354E1EC487E7004BCA50 /* MusicSyncTests.swift */ = {isa = PBXFileReference; lastKnownFileType = sourcecode.swift; path = MusicSyncTests.swift; sourceTree = "<group>"; };
		296835501EC487E7004BCA50 /* Info.plist */ = {isa = PBXFileReference; lastKnownFileType = text.plist.xml; path = Info.plist; sourceTree = "<group>"; };
		296835551EC487E7004BCA50 /* MusicSyncUITests.xctest */ = {isa = PBXFileReference; explicitFileType = wrapper.cfbundle; includeInIndex = 0; path = MusicSyncUITests.xctest; sourceTree = BUILT_PRODUCTS_DIR; };
		296835591EC487E7004BCA50 /* MusicSyncUITests.swift */ = {isa = PBXFileReference; lastKnownFileType = sourcecode.swift; path = MusicSyncUITests.swift; sourceTree = "<group>"; };
		2968355B1EC487E7004BCA50 /* Info.plist */ = {isa = PBXFileReference; lastKnownFileType = text.plist.xml; path = Info.plist; sourceTree = "<group>"; };
		296835691EDA263D004BCA50 /* CoreData.framework */ = {isa = PBXFileReference; lastKnownFileType = wrapper.framework; name = CoreData.framework; path = System/Library/Frameworks/CoreData.framework; sourceTree = SDKROOT; };
		2968356C1EFAD08C004BCA50 /* DataModel.xcdatamodel */ = {isa = PBXFileReference; lastKnownFileType = wrapper.xcdatamodel; path = DataModel.xcdatamodel; sourceTree = "<group>"; };
		296835BC1EFD40CA004BCA50 /* AlbumsTableViewController.swift */ = {isa = PBXFileReference; fileEncoding = 4; lastKnownFileType = sourcecode.swift; path = AlbumsTableViewController.swift; sourceTree = "<group>"; };
		296835C01EFD4114004BCA50 /* PlaylistsTableViewController.swift */ = {isa = PBXFileReference; fileEncoding = 4; lastKnownFileType = sourcecode.swift; path = PlaylistsTableViewController.swift; sourceTree = "<group>"; };
		296835C21EFD4148004BCA50 /* PlayingViewController.swift */ = {isa = PBXFileReference; fileEncoding = 4; lastKnownFileType = sourcecode.swift; path = PlayingViewController.swift; sourceTree = "<group>"; };
		29FCB9411F1D2D230000B6FD /* songs_1x.png */ = {isa = PBXFileReference; lastKnownFileType = image.png; path = songs_1x.png; sourceTree = "<group>"; };
		29FCB9421F1D2D230000B6FD /* songs_2x.png */ = {isa = PBXFileReference; lastKnownFileType = image.png; path = songs_2x.png; sourceTree = "<group>"; };
		29FCB9431F1D2D230000B6FD /* songs_3x.png */ = {isa = PBXFileReference; lastKnownFileType = image.png; path = songs_3x.png; sourceTree = "<group>"; };
		29FCB9441F1D2D230000B6FD /* songs_512x512.png */ = {isa = PBXFileReference; lastKnownFileType = image.png; path = songs_512x512.png; sourceTree = "<group>"; };
		29FCB94B1F1D2E100000B6FD /* playlists_1x.png */ = {isa = PBXFileReference; lastKnownFileType = image.png; path = playlists_1x.png; sourceTree = "<group>"; };
		29FCB94C1F1D2E100000B6FD /* playlists_2x.png */ = {isa = PBXFileReference; lastKnownFileType = image.png; path = playlists_2x.png; sourceTree = "<group>"; };
		29FCB94D1F1D2E100000B6FD /* playlists_3x.png */ = {isa = PBXFileReference; lastKnownFileType = image.png; path = playlists_3x.png; sourceTree = "<group>"; };
		29FCB94E1F1D2E100000B6FD /* playlists_512x512.png */ = {isa = PBXFileReference; lastKnownFileType = image.png; path = playlists_512x512.png; sourceTree = "<group>"; };
		29FCB9541F1D2EE50000B6FD /* artists_3x.png */ = {isa = PBXFileReference; lastKnownFileType = image.png; path = artists_3x.png; sourceTree = "<group>"; };
		29FCB9551F1D2EE50000B6FD /* artists_2x.png */ = {isa = PBXFileReference; lastKnownFileType = image.png; path = artists_2x.png; sourceTree = "<group>"; };
		29FCB9561F1D2EE50000B6FD /* artists_1x.png */ = {isa = PBXFileReference; lastKnownFileType = image.png; path = artists_1x.png; sourceTree = "<group>"; };
		29FCB9571F1D2EE50000B6FD /* artists_512x512.png */ = {isa = PBXFileReference; lastKnownFileType = image.png; path = artists_512x512.png; sourceTree = "<group>"; };
		29FCB95D1F1D2FC60000B6FD /* playing_3x.png */ = {isa = PBXFileReference; lastKnownFileType = image.png; path = playing_3x.png; sourceTree = "<group>"; };
		29FCB95E1F1D2FC60000B6FD /* playing_2x.png */ = {isa = PBXFileReference; lastKnownFileType = image.png; path = playing_2x.png; sourceTree = "<group>"; };
		29FCB95F1F1D2FC60000B6FD /* playing_1x.png */ = {isa = PBXFileReference; lastKnownFileType = image.png; path = playing_1x.png; sourceTree = "<group>"; };
		29FCB9601F1D2FC60000B6FD /* playing_512x512.png */ = {isa = PBXFileReference; lastKnownFileType = image.png; path = playing_512x512.png; sourceTree = "<group>"; };
		29FCB9661F1D30CD0000B6FD /* download_1x.png */ = {isa = PBXFileReference; lastKnownFileType = image.png; path = download_1x.png; sourceTree = "<group>"; };
		29FCB9671F1D30CD0000B6FD /* download_2x.png */ = {isa = PBXFileReference; lastKnownFileType = image.png; path = download_2x.png; sourceTree = "<group>"; };
		29FCB9681F1D30CD0000B6FD /* download_3x.png */ = {isa = PBXFileReference; lastKnownFileType = image.png; path = download_3x.png; sourceTree = "<group>"; };
		29FCB9691F1D30CD0000B6FD /* download_512x512.png */ = {isa = PBXFileReference; lastKnownFileType = image.png; path = download_512x512.png; sourceTree = "<group>"; };
		46665A0F17BD12DFCFEEA7C5 /* Pods-MusicSyncUITests.debug.xcconfig */ = {isa = PBXFileReference; includeInIndex = 1; lastKnownFileType = text.xcconfig; name = "Pods-MusicSyncUITests.debug.xcconfig"; path = "Pods/Target Support Files/Pods-MusicSyncUITests/Pods-MusicSyncUITests.debug.xcconfig"; sourceTree = "<group>"; };
		55A6F7D2BAAD1FFEC4DCE9DC /* Pods_MusicSync_MusicSyncTests.framework */ = {isa = PBXFileReference; explicitFileType = wrapper.framework; includeInIndex = 0; path = Pods_MusicSync_MusicSyncTests.framework; sourceTree = BUILT_PRODUCTS_DIR; };
		5BB3629455D88ACA7F6280D7 /* Pods_MusicSync.framework */ = {isa = PBXFileReference; explicitFileType = wrapper.framework; includeInIndex = 0; path = Pods_MusicSync.framework; sourceTree = BUILT_PRODUCTS_DIR; };
		7C93FFADEECF283D5B7BC454 /* Pods-MusicSync.release.xcconfig */ = {isa = PBXFileReference; includeInIndex = 1; lastKnownFileType = text.xcconfig; name = "Pods-MusicSync.release.xcconfig"; path = "Pods/Target Support Files/Pods-MusicSync/Pods-MusicSync.release.xcconfig"; sourceTree = "<group>"; };
		7CC985383D2FB6DA18742D95 /* Pods-MusicSync-MusicSyncTests.release.xcconfig */ = {isa = PBXFileReference; includeInIndex = 1; lastKnownFileType = text.xcconfig; name = "Pods-MusicSync-MusicSyncTests.release.xcconfig"; path = "Pods/Target Support Files/Pods-MusicSync-MusicSyncTests/Pods-MusicSync-MusicSyncTests.release.xcconfig"; sourceTree = "<group>"; };
		95EB0F1D36798877453CB1EF /* Pods-MusicSync-MusicSyncTests.debug.xcconfig */ = {isa = PBXFileReference; includeInIndex = 1; lastKnownFileType = text.xcconfig; name = "Pods-MusicSync-MusicSyncTests.debug.xcconfig"; path = "Pods/Target Support Files/Pods-MusicSync-MusicSyncTests/Pods-MusicSync-MusicSyncTests.debug.xcconfig"; sourceTree = "<group>"; };
		B455AC130F0CA9A842595F56 /* Pods-MusicSyncUITests.release.xcconfig */ = {isa = PBXFileReference; includeInIndex = 1; lastKnownFileType = text.xcconfig; name = "Pods-MusicSyncUITests.release.xcconfig"; path = "Pods/Target Support Files/Pods-MusicSyncUITests/Pods-MusicSyncUITests.release.xcconfig"; sourceTree = "<group>"; };
		BCA9937EB65512E4D4EFF4CB /* Pods-MusicSync.debug.xcconfig */ = {isa = PBXFileReference; includeInIndex = 1; lastKnownFileType = text.xcconfig; name = "Pods-MusicSync.debug.xcconfig"; path = "Pods/Target Support Files/Pods-MusicSync/Pods-MusicSync.debug.xcconfig"; sourceTree = "<group>"; };
/* End PBXFileReference section */

/* Begin PBXFrameworksBuildPhase section */
		296835311EC487E7004BCA50 /* Frameworks */ = {
			isa = PBXFrameworksBuildPhase;
			buildActionMask = 2147483647;
			files = (
				59753B536FED5791A436F1D0 /* Pods_MusicSync.framework in Frameworks */,
			);
			runOnlyForDeploymentPostprocessing = 0;
		};
		296835471EC487E7004BCA50 /* Frameworks */ = {
			isa = PBXFrameworksBuildPhase;
			buildActionMask = 2147483647;
			files = (
				B92BA86EE72BDB3EF069AF90 /* Pods_MusicSync_MusicSyncTests.framework in Frameworks */,
			);
			runOnlyForDeploymentPostprocessing = 0;
		};
		296835521EC487E7004BCA50 /* Frameworks */ = {
			isa = PBXFrameworksBuildPhase;
			buildActionMask = 2147483647;
			files = (
				484E21685EBE3E88850F8D18 /* Pods_MusicSyncUITests.framework in Frameworks */,
			);
			runOnlyForDeploymentPostprocessing = 0;
		};
/* End PBXFrameworksBuildPhase section */

/* Begin PBXGroup section */
		292AE7B01F06A9B50067FABB /* Operations */ = {
			isa = PBXGroup;
			children = (
				292AE7B11F06B3460067FABB /* SynchronizeOperation.swift */,
			);
			name = Operations;
			sourceTree = "<group>";
		};
		2968352B1EC487E7004BCA50 = {
			isa = PBXGroup;
			children = (
				296835361EC487E7004BCA50 /* MusicSync */,
				2968354D1EC487E7004BCA50 /* MusicSyncTests */,
				296835581EC487E7004BCA50 /* MusicSyncUITests */,
				296835351EC487E7004BCA50 /* Products */,
				5B36EFD98148561875B54D1E /* Pods */,
				6125340C020075C341A7CE4B /* Frameworks */,
			);
			sourceTree = "<group>";
		};
		296835351EC487E7004BCA50 /* Products */ = {
			isa = PBXGroup;
			children = (
				296835341EC487E7004BCA50 /* MusicSync.app */,
				2968354A1EC487E7004BCA50 /* MusicSyncTests.xctest */,
				296835551EC487E7004BCA50 /* MusicSyncUITests.xctest */,
			);
			name = Products;
			sourceTree = "<group>";
		};
		296835361EC487E7004BCA50 /* MusicSync */ = {
			isa = PBXGroup;
			children = (
				29FCB9401F1D2D000000B6FD /* Icons */,
				292AE7B01F06A9B50067FABB /* Operations */,
				2968356B1EFAD08C004BCA50 /* DataModel.xcdatamodeld */,
				296835B91EFD406D004BCA50 /* Controller */,
				296835AC1EFD31CB004BCA50 /* Entities */,
				296835371EC487E7004BCA50 /* AppDelegate.swift */,
				2968353D1EC487E7004BCA50 /* Main.storyboard */,
				296835401EC487E7004BCA50 /* Assets.xcassets */,
				296835421EC487E7004BCA50 /* LaunchScreen.storyboard */,
				296835451EC487E7004BCA50 /* Info.plist */,
				292AE7A11EFFDE400067FABB /* Constants.swift */,
			);
			path = MusicSync;
			sourceTree = "<group>";
		};
		2968354D1EC487E7004BCA50 /* MusicSyncTests */ = {
			isa = PBXGroup;
			children = (
				2968354E1EC487E7004BCA50 /* MusicSyncTests.swift */,
				296835501EC487E7004BCA50 /* Info.plist */,
			);
			path = MusicSyncTests;
			sourceTree = "<group>";
		};
		296835581EC487E7004BCA50 /* MusicSyncUITests */ = {
			isa = PBXGroup;
			children = (
				296835591EC487E7004BCA50 /* MusicSyncUITests.swift */,
				2968355B1EC487E7004BCA50 /* Info.plist */,
			);
			path = MusicSyncUITests;
			sourceTree = "<group>";
		};
		296835AC1EFD31CB004BCA50 /* Entities */ = {
			isa = PBXGroup;
			children = (
			);
			name = Entities;
			sourceTree = "<group>";
		};
		296835B91EFD406D004BCA50 /* Controller */ = {
			isa = PBXGroup;
			children = (
				292AE7A61EFFF5850067FABB /* SongsTableViewController.swift */,
				292AE7A31EFFEBBD0067FABB /* ArtistsTableViewController.swift */,
				296835BC1EFD40CA004BCA50 /* AlbumsTableViewController.swift */,
				296835C01EFD4114004BCA50 /* PlaylistsTableViewController.swift */,
				296835C21EFD4148004BCA50 /* PlayingViewController.swift */,
				292AE7A81F002AD00067FABB /* ServersTableViewController.swift */,
				292AE7AC1F0031510067FABB /* ServerDetailViewController.swift */,
				292AE7AE1F03FA980067FABB /* LibraryTableViewController.swift */,
				2908B6C31F06E615003883CD /* TabViewController.swift */,
				2963B15F1F0FC093009857CE /* SettingsTableViewController.swift */,
			);
			name = Controller;
			path = ..;
			sourceTree = "<group>";
		};
		29FCB9401F1D2D000000B6FD /* Icons */ = {
			isa = PBXGroup;
			children = (
				29FCB9651F1D30C00000B6FD /* download */,
				29FCB95C1F1D2FBF0000B6FD /* playing */,
				29FCB9531F1D2EDA0000B6FD /* artists */,
				29FCB94A1F1D2DFA0000B6FD /* playlists */,
				29FCB9491F1D2DF10000B6FD /* songs */,
			);
			name = Icons;
			sourceTree = "<group>";
		};
		29FCB9491F1D2DF10000B6FD /* songs */ = {
			isa = PBXGroup;
			children = (
				29FCB9411F1D2D230000B6FD /* songs_1x.png */,
				29FCB9421F1D2D230000B6FD /* songs_2x.png */,
				29FCB9431F1D2D230000B6FD /* songs_3x.png */,
				29FCB9441F1D2D230000B6FD /* songs_512x512.png */,
			);
			name = songs;
			sourceTree = "<group>";
		};
		29FCB94A1F1D2DFA0000B6FD /* playlists */ = {
			isa = PBXGroup;
			children = (
				29FCB94B1F1D2E100000B6FD /* playlists_1x.png */,
				29FCB94C1F1D2E100000B6FD /* playlists_2x.png */,
				29FCB94D1F1D2E100000B6FD /* playlists_3x.png */,
				29FCB94E1F1D2E100000B6FD /* playlists_512x512.png */,
			);
			name = playlists;
			sourceTree = "<group>";
		};
		29FCB9531F1D2EDA0000B6FD /* artists */ = {
			isa = PBXGroup;
			children = (
				29FCB9541F1D2EE50000B6FD /* artists_3x.png */,
				29FCB9551F1D2EE50000B6FD /* artists_2x.png */,
				29FCB9561F1D2EE50000B6FD /* artists_1x.png */,
				29FCB9571F1D2EE50000B6FD /* artists_512x512.png */,
			);
			name = artists;
			sourceTree = "<group>";
		};
		29FCB95C1F1D2FBF0000B6FD /* playing */ = {
			isa = PBXGroup;
			children = (
				29FCB95D1F1D2FC60000B6FD /* playing_3x.png */,
				29FCB95E1F1D2FC60000B6FD /* playing_2x.png */,
				29FCB95F1F1D2FC60000B6FD /* playing_1x.png */,
				29FCB9601F1D2FC60000B6FD /* playing_512x512.png */,
			);
			name = playing;
			sourceTree = "<group>";
		};
		29FCB9651F1D30C00000B6FD /* download */ = {
			isa = PBXGroup;
			children = (
				29FCB9661F1D30CD0000B6FD /* download_1x.png */,
				29FCB9671F1D30CD0000B6FD /* download_2x.png */,
				29FCB9681F1D30CD0000B6FD /* download_3x.png */,
				29FCB9691F1D30CD0000B6FD /* download_512x512.png */,
			);
			name = download;
			sourceTree = "<group>";
		};
		5B36EFD98148561875B54D1E /* Pods */ = {
			isa = PBXGroup;
			children = (
				BCA9937EB65512E4D4EFF4CB /* Pods-MusicSync.debug.xcconfig */,
				7C93FFADEECF283D5B7BC454 /* Pods-MusicSync.release.xcconfig */,
				95EB0F1D36798877453CB1EF /* Pods-MusicSync-MusicSyncTests.debug.xcconfig */,
				7CC985383D2FB6DA18742D95 /* Pods-MusicSync-MusicSyncTests.release.xcconfig */,
				46665A0F17BD12DFCFEEA7C5 /* Pods-MusicSyncUITests.debug.xcconfig */,
				B455AC130F0CA9A842595F56 /* Pods-MusicSyncUITests.release.xcconfig */,
			);
			name = Pods;
			sourceTree = "<group>";
		};
		6125340C020075C341A7CE4B /* Frameworks */ = {
			isa = PBXGroup;
			children = (
				296835691EDA263D004BCA50 /* CoreData.framework */,
				5BB3629455D88ACA7F6280D7 /* Pods_MusicSync.framework */,
				55A6F7D2BAAD1FFEC4DCE9DC /* Pods_MusicSync_MusicSyncTests.framework */,
				03CA914FCBD68974E35E3637 /* Pods_MusicSyncUITests.framework */,
			);
			name = Frameworks;
			sourceTree = "<group>";
		};
/* End PBXGroup section */

/* Begin PBXNativeTarget section */
		296835331EC487E7004BCA50 /* MusicSync */ = {
			isa = PBXNativeTarget;
			buildConfigurationList = 2968355E1EC487E7004BCA50 /* Build configuration list for PBXNativeTarget "MusicSync" */;
			buildPhases = (
				17FA1DCC44A8D9E4FDB44697 /* [CP] Check Pods Manifest.lock */,
				296835301EC487E7004BCA50 /* Sources */,
				296835311EC487E7004BCA50 /* Frameworks */,
				296835321EC487E7004BCA50 /* Resources */,
				62B88CAEFA3D5C35D8FC0E68 /* [CP] Embed Pods Frameworks */,
				3A4910606E2D4C0C07CA3195 /* [CP] Copy Pods Resources */,
			);
			buildRules = (
			);
			dependencies = (
			);
			name = MusicSync;
			productName = MusicSync;
			productReference = 296835341EC487E7004BCA50 /* MusicSync.app */;
			productType = "com.apple.product-type.application";
		};
		296835491EC487E7004BCA50 /* MusicSyncTests */ = {
			isa = PBXNativeTarget;
			buildConfigurationList = 296835611EC487E7004BCA50 /* Build configuration list for PBXNativeTarget "MusicSyncTests" */;
			buildPhases = (
				EF2023206A8ACC743D82DB06 /* [CP] Check Pods Manifest.lock */,
				296835461EC487E7004BCA50 /* Sources */,
				296835471EC487E7004BCA50 /* Frameworks */,
				296835481EC487E7004BCA50 /* Resources */,
				27A47D4E013252C8AF308459 /* [CP] Embed Pods Frameworks */,
				DE168DE81F5E7320A9250A66 /* [CP] Copy Pods Resources */,
			);
			buildRules = (
			);
			dependencies = (
				2968354C1EC487E7004BCA50 /* PBXTargetDependency */,
			);
			name = MusicSyncTests;
			productName = MusicSyncTests;
			productReference = 2968354A1EC487E7004BCA50 /* MusicSyncTests.xctest */;
			productType = "com.apple.product-type.bundle.unit-test";
		};
		296835541EC487E7004BCA50 /* MusicSyncUITests */ = {
			isa = PBXNativeTarget;
			buildConfigurationList = 296835641EC487E7004BCA50 /* Build configuration list for PBXNativeTarget "MusicSyncUITests" */;
			buildPhases = (
				C7CF156C0DDA8FB69FD10CCE /* [CP] Check Pods Manifest.lock */,
				296835511EC487E7004BCA50 /* Sources */,
				296835521EC487E7004BCA50 /* Frameworks */,
				296835531EC487E7004BCA50 /* Resources */,
				16757AF00B941941FD43BA6B /* [CP] Embed Pods Frameworks */,
				F1BC6ED5AE5990FD09FA6D2D /* [CP] Copy Pods Resources */,
			);
			buildRules = (
			);
			dependencies = (
				296835571EC487E7004BCA50 /* PBXTargetDependency */,
			);
			name = MusicSyncUITests;
			productName = MusicSyncUITests;
			productReference = 296835551EC487E7004BCA50 /* MusicSyncUITests.xctest */;
			productType = "com.apple.product-type.bundle.ui-testing";
		};
/* End PBXNativeTarget section */

/* Begin PBXProject section */
		2968352C1EC487E7004BCA50 /* Project object */ = {
			isa = PBXProject;
			attributes = {
				LastSwiftUpdateCheck = 0830;
				LastUpgradeCheck = 0830;
				ORGANIZATIONNAME = nils;
				TargetAttributes = {
					296835331EC487E7004BCA50 = {
						CreatedOnToolsVersion = 8.3.2;
						DevelopmentTeam = 8QFLX5HN9Q;
						ProvisioningStyle = Automatic;
					};
					296835491EC487E7004BCA50 = {
						CreatedOnToolsVersion = 8.3.2;
						ProvisioningStyle = Automatic;
						TestTargetID = 296835331EC487E7004BCA50;
					};
					296835541EC487E7004BCA50 = {
						CreatedOnToolsVersion = 8.3.2;
						ProvisioningStyle = Automatic;
						TestTargetID = 296835331EC487E7004BCA50;
					};
				};
			};
			buildConfigurationList = 2968352F1EC487E7004BCA50 /* Build configuration list for PBXProject "MusicSync" */;
			compatibilityVersion = "Xcode 3.2";
			developmentRegion = English;
			hasScannedForEncodings = 0;
			knownRegions = (
				en,
				Base,
			);
			mainGroup = 2968352B1EC487E7004BCA50;
			productRefGroup = 296835351EC487E7004BCA50 /* Products */;
			projectDirPath = "";
			projectRoot = "";
			targets = (
				296835331EC487E7004BCA50 /* MusicSync */,
				296835491EC487E7004BCA50 /* MusicSyncTests */,
				296835541EC487E7004BCA50 /* MusicSyncUITests */,
			);
		};
/* End PBXProject section */

/* Begin PBXResourcesBuildPhase section */
		296835321EC487E7004BCA50 /* Resources */ = {
			isa = PBXResourcesBuildPhase;
			buildActionMask = 2147483647;
			files = (
				29FCB94F1F1D2E100000B6FD /* playlists_1x.png in Resources */,
				29FCB9621F1D2FC60000B6FD /* playing_2x.png in Resources */,
				29FCB96A1F1D30CD0000B6FD /* download_1x.png in Resources */,
				29FCB95B1F1D2EE50000B6FD /* artists_512x512.png in Resources */,
				29FCB96C1F1D30CD0000B6FD /* download_3x.png in Resources */,
				296835441EC487E7004BCA50 /* LaunchScreen.storyboard in Resources */,
				29FCB9461F1D2D230000B6FD /* songs_2x.png in Resources */,
				29FCB96B1F1D30CD0000B6FD /* download_2x.png in Resources */,
				29FCB9501F1D2E100000B6FD /* playlists_2x.png in Resources */,
				29FCB96D1F1D30CD0000B6FD /* download_512x512.png in Resources */,
				29FCB9511F1D2E100000B6FD /* playlists_3x.png in Resources */,
				29FCB9481F1D2D230000B6FD /* songs_512x512.png in Resources */,
				29FCB9641F1D2FC60000B6FD /* playing_512x512.png in Resources */,
				29FCB9521F1D2E100000B6FD /* playlists_512x512.png in Resources */,
				29FCB9631F1D2FC60000B6FD /* playing_1x.png in Resources */,
				29FCB9451F1D2D230000B6FD /* songs_1x.png in Resources */,
				296835411EC487E7004BCA50 /* Assets.xcassets in Resources */,
				29FCB95A1F1D2EE50000B6FD /* artists_1x.png in Resources */,
				29FCB9581F1D2EE50000B6FD /* artists_3x.png in Resources */,
				29FCB9591F1D2EE50000B6FD /* artists_2x.png in Resources */,
				2968353F1EC487E7004BCA50 /* Main.storyboard in Resources */,
				29FCB9471F1D2D230000B6FD /* songs_3x.png in Resources */,
				29FCB9611F1D2FC60000B6FD /* playing_3x.png in Resources */,
			);
			runOnlyForDeploymentPostprocessing = 0;
		};
		296835481EC487E7004BCA50 /* Resources */ = {
			isa = PBXResourcesBuildPhase;
			buildActionMask = 2147483647;
			files = (
			);
			runOnlyForDeploymentPostprocessing = 0;
		};
		296835531EC487E7004BCA50 /* Resources */ = {
			isa = PBXResourcesBuildPhase;
			buildActionMask = 2147483647;
			files = (
			);
			runOnlyForDeploymentPostprocessing = 0;
		};
/* End PBXResourcesBuildPhase section */

/* Begin PBXShellScriptBuildPhase section */
		16757AF00B941941FD43BA6B /* [CP] Embed Pods Frameworks */ = {
			isa = PBXShellScriptBuildPhase;
			buildActionMask = 2147483647;
			files = (
			);
			inputPaths = (
			);
			name = "[CP] Embed Pods Frameworks";
			outputPaths = (
			);
			runOnlyForDeploymentPostprocessing = 0;
			shellPath = /bin/sh;
			shellScript = "\"${SRCROOT}/Pods/Target Support Files/Pods-MusicSyncUITests/Pods-MusicSyncUITests-frameworks.sh\"\n";
			showEnvVarsInLog = 0;
		};
		17FA1DCC44A8D9E4FDB44697 /* [CP] Check Pods Manifest.lock */ = {
			isa = PBXShellScriptBuildPhase;
			buildActionMask = 2147483647;
			files = (
			);
			inputPaths = (
			);
			name = "[CP] Check Pods Manifest.lock";
			outputPaths = (
			);
			runOnlyForDeploymentPostprocessing = 0;
			shellPath = /bin/sh;
			shellScript = "diff \"${PODS_PODFILE_DIR_PATH}/Podfile.lock\" \"${PODS_ROOT}/Manifest.lock\" > /dev/null\nif [ $? != 0 ] ; then\n    # print error to STDERR\n    echo \"error: The sandbox is not in sync with the Podfile.lock. Run 'pod install' or update your CocoaPods installation.\" >&2\n    exit 1\nfi\n";
			showEnvVarsInLog = 0;
		};
		27A47D4E013252C8AF308459 /* [CP] Embed Pods Frameworks */ = {
			isa = PBXShellScriptBuildPhase;
			buildActionMask = 2147483647;
			files = (
			);
			inputPaths = (
			);
			name = "[CP] Embed Pods Frameworks";
			outputPaths = (
			);
			runOnlyForDeploymentPostprocessing = 0;
			shellPath = /bin/sh;
			shellScript = "\"${SRCROOT}/Pods/Target Support Files/Pods-MusicSync-MusicSyncTests/Pods-MusicSync-MusicSyncTests-frameworks.sh\"\n";
			showEnvVarsInLog = 0;
		};
		3A4910606E2D4C0C07CA3195 /* [CP] Copy Pods Resources */ = {
			isa = PBXShellScriptBuildPhase;
			buildActionMask = 2147483647;
			files = (
			);
			inputPaths = (
			);
			name = "[CP] Copy Pods Resources";
			outputPaths = (
			);
			runOnlyForDeploymentPostprocessing = 0;
			shellPath = /bin/sh;
			shellScript = "\"${SRCROOT}/Pods/Target Support Files/Pods-MusicSync/Pods-MusicSync-resources.sh\"\n";
			showEnvVarsInLog = 0;
		};
		62B88CAEFA3D5C35D8FC0E68 /* [CP] Embed Pods Frameworks */ = {
			isa = PBXShellScriptBuildPhase;
			buildActionMask = 2147483647;
			files = (
			);
			inputPaths = (
			);
			name = "[CP] Embed Pods Frameworks";
			outputPaths = (
			);
			runOnlyForDeploymentPostprocessing = 0;
			shellPath = /bin/sh;
			shellScript = "\"${SRCROOT}/Pods/Target Support Files/Pods-MusicSync/Pods-MusicSync-frameworks.sh\"\n";
			showEnvVarsInLog = 0;
		};
		C7CF156C0DDA8FB69FD10CCE /* [CP] Check Pods Manifest.lock */ = {
			isa = PBXShellScriptBuildPhase;
			buildActionMask = 2147483647;
			files = (
			);
			inputPaths = (
			);
			name = "[CP] Check Pods Manifest.lock";
			outputPaths = (
			);
			runOnlyForDeploymentPostprocessing = 0;
			shellPath = /bin/sh;
			shellScript = "diff \"${PODS_PODFILE_DIR_PATH}/Podfile.lock\" \"${PODS_ROOT}/Manifest.lock\" > /dev/null\nif [ $? != 0 ] ; then\n    # print error to STDERR\n    echo \"error: The sandbox is not in sync with the Podfile.lock. Run 'pod install' or update your CocoaPods installation.\" >&2\n    exit 1\nfi\n";
			showEnvVarsInLog = 0;
		};
		DE168DE81F5E7320A9250A66 /* [CP] Copy Pods Resources */ = {
			isa = PBXShellScriptBuildPhase;
			buildActionMask = 2147483647;
			files = (
			);
			inputPaths = (
			);
			name = "[CP] Copy Pods Resources";
			outputPaths = (
			);
			runOnlyForDeploymentPostprocessing = 0;
			shellPath = /bin/sh;
			shellScript = "\"${SRCROOT}/Pods/Target Support Files/Pods-MusicSync-MusicSyncTests/Pods-MusicSync-MusicSyncTests-resources.sh\"\n";
			showEnvVarsInLog = 0;
		};
		EF2023206A8ACC743D82DB06 /* [CP] Check Pods Manifest.lock */ = {
			isa = PBXShellScriptBuildPhase;
			buildActionMask = 2147483647;
			files = (
			);
			inputPaths = (
			);
			name = "[CP] Check Pods Manifest.lock";
			outputPaths = (
			);
			runOnlyForDeploymentPostprocessing = 0;
			shellPath = /bin/sh;
			shellScript = "diff \"${PODS_PODFILE_DIR_PATH}/Podfile.lock\" \"${PODS_ROOT}/Manifest.lock\" > /dev/null\nif [ $? != 0 ] ; then\n    # print error to STDERR\n    echo \"error: The sandbox is not in sync with the Podfile.lock. Run 'pod install' or update your CocoaPods installation.\" >&2\n    exit 1\nfi\n";
			showEnvVarsInLog = 0;
		};
		F1BC6ED5AE5990FD09FA6D2D /* [CP] Copy Pods Resources */ = {
			isa = PBXShellScriptBuildPhase;
			buildActionMask = 2147483647;
			files = (
			);
			inputPaths = (
			);
			name = "[CP] Copy Pods Resources";
			outputPaths = (
			);
			runOnlyForDeploymentPostprocessing = 0;
			shellPath = /bin/sh;
			shellScript = "\"${SRCROOT}/Pods/Target Support Files/Pods-MusicSyncUITests/Pods-MusicSyncUITests-resources.sh\"\n";
			showEnvVarsInLog = 0;
		};
/* End PBXShellScriptBuildPhase section */

/* Begin PBXSourcesBuildPhase section */
		296835301EC487E7004BCA50 /* Sources */ = {
			isa = PBXSourcesBuildPhase;
			buildActionMask = 2147483647;
			files = (
				292AE7A41EFFEBBD0067FABB /* ArtistsTableViewController.swift in Sources */,
				296835381EC487E7004BCA50 /* AppDelegate.swift in Sources */,
				292AE7A91F002AD00067FABB /* ServersTableViewController.swift in Sources */,
				292AE7A71EFFF5850067FABB /* SongsTableViewController.swift in Sources */,
				2908B6C41F06E615003883CD /* TabViewController.swift in Sources */,
				296835BD1EFD40CA004BCA50 /* AlbumsTableViewController.swift in Sources */,
				2963B1601F0FC093009857CE /* SettingsTableViewController.swift in Sources */,
				292AE7AF1F03FA980067FABB /* LibraryTableViewController.swift in Sources */,
				292AE7B21F06B3460067FABB /* SynchronizeOperation.swift in Sources */,
				2968356D1EFAD08C004BCA50 /* DataModel.xcdatamodeld in Sources */,
				292AE7AD1F0031510067FABB /* ServerDetailViewController.swift in Sources */,
				296835C11EFD4114004BCA50 /* PlaylistsTableViewController.swift in Sources */,
				296835C31EFD4148004BCA50 /* PlayingViewController.swift in Sources */,
				292AE7A21EFFDE400067FABB /* Constants.swift in Sources */,
			);
			runOnlyForDeploymentPostprocessing = 0;
		};
		296835461EC487E7004BCA50 /* Sources */ = {
			isa = PBXSourcesBuildPhase;
			buildActionMask = 2147483647;
			files = (
				2968354F1EC487E7004BCA50 /* MusicSyncTests.swift in Sources */,
			);
			runOnlyForDeploymentPostprocessing = 0;
		};
		296835511EC487E7004BCA50 /* Sources */ = {
			isa = PBXSourcesBuildPhase;
			buildActionMask = 2147483647;
			files = (
				2968355A1EC487E7004BCA50 /* MusicSyncUITests.swift in Sources */,
			);
			runOnlyForDeploymentPostprocessing = 0;
		};
/* End PBXSourcesBuildPhase section */

/* Begin PBXTargetDependency section */
		2968354C1EC487E7004BCA50 /* PBXTargetDependency */ = {
			isa = PBXTargetDependency;
			target = 296835331EC487E7004BCA50 /* MusicSync */;
			targetProxy = 2968354B1EC487E7004BCA50 /* PBXContainerItemProxy */;
		};
		296835571EC487E7004BCA50 /* PBXTargetDependency */ = {
			isa = PBXTargetDependency;
			target = 296835331EC487E7004BCA50 /* MusicSync */;
			targetProxy = 296835561EC487E7004BCA50 /* PBXContainerItemProxy */;
		};
/* End PBXTargetDependency section */

/* Begin PBXVariantGroup section */
		2968353D1EC487E7004BCA50 /* Main.storyboard */ = {
			isa = PBXVariantGroup;
			children = (
				2968353E1EC487E7004BCA50 /* Base */,
			);
			name = Main.storyboard;
			sourceTree = "<group>";
		};
		296835421EC487E7004BCA50 /* LaunchScreen.storyboard */ = {
			isa = PBXVariantGroup;
			children = (
				296835431EC487E7004BCA50 /* Base */,
			);
			name = LaunchScreen.storyboard;
			sourceTree = "<group>";
		};
/* End PBXVariantGroup section */

/* Begin XCBuildConfiguration section */
		2968355C1EC487E7004BCA50 /* Debug */ = {
			isa = XCBuildConfiguration;
			buildSettings = {
				ALWAYS_SEARCH_USER_PATHS = NO;
				CLANG_ANALYZER_NONNULL = YES;
				CLANG_ANALYZER_NUMBER_OBJECT_CONVERSION = YES_AGGRESSIVE;
				CLANG_CXX_LANGUAGE_STANDARD = "gnu++0x";
				CLANG_CXX_LIBRARY = "libc++";
				CLANG_ENABLE_MODULES = YES;
				CLANG_ENABLE_OBJC_ARC = YES;
				CLANG_WARN_BOOL_CONVERSION = YES;
				CLANG_WARN_CONSTANT_CONVERSION = YES;
				CLANG_WARN_DIRECT_OBJC_ISA_USAGE = YES_ERROR;
				CLANG_WARN_DOCUMENTATION_COMMENTS = YES;
				CLANG_WARN_EMPTY_BODY = YES;
				CLANG_WARN_ENUM_CONVERSION = YES;
				CLANG_WARN_INFINITE_RECURSION = YES;
				CLANG_WARN_INT_CONVERSION = YES;
				CLANG_WARN_OBJC_ROOT_CLASS = YES_ERROR;
				CLANG_WARN_SUSPICIOUS_MOVE = YES;
				CLANG_WARN_UNREACHABLE_CODE = YES;
				CLANG_WARN__DUPLICATE_METHOD_MATCH = YES;
				"CODE_SIGN_IDENTITY[sdk=iphoneos*]" = "iPhone Developer";
				COPY_PHASE_STRIP = NO;
				DEBUG_INFORMATION_FORMAT = dwarf;
				ENABLE_STRICT_OBJC_MSGSEND = YES;
				ENABLE_TESTABILITY = YES;
				GCC_C_LANGUAGE_STANDARD = gnu99;
				GCC_DYNAMIC_NO_PIC = NO;
				GCC_NO_COMMON_BLOCKS = YES;
				GCC_OPTIMIZATION_LEVEL = 0;
				GCC_PREPROCESSOR_DEFINITIONS = (
					"DEBUG=1",
					"$(inherited)",
				);
				GCC_WARN_64_TO_32_BIT_CONVERSION = YES;
				GCC_WARN_ABOUT_RETURN_TYPE = YES_ERROR;
				GCC_WARN_UNDECLARED_SELECTOR = YES;
				GCC_WARN_UNINITIALIZED_AUTOS = YES_AGGRESSIVE;
				GCC_WARN_UNUSED_FUNCTION = YES;
				GCC_WARN_UNUSED_VARIABLE = YES;
				IPHONEOS_DEPLOYMENT_TARGET = 10.3;
				MTL_ENABLE_DEBUG_INFO = YES;
				ONLY_ACTIVE_ARCH = YES;
				SDKROOT = iphoneos;
				SWIFT_ACTIVE_COMPILATION_CONDITIONS = DEBUG;
				SWIFT_OPTIMIZATION_LEVEL = "-Onone";
				TARGETED_DEVICE_FAMILY = "1,2";
			};
			name = Debug;
		};
		2968355D1EC487E7004BCA50 /* Release */ = {
			isa = XCBuildConfiguration;
			buildSettings = {
				ALWAYS_SEARCH_USER_PATHS = NO;
				CLANG_ANALYZER_NONNULL = YES;
				CLANG_ANALYZER_NUMBER_OBJECT_CONVERSION = YES_AGGRESSIVE;
				CLANG_CXX_LANGUAGE_STANDARD = "gnu++0x";
				CLANG_CXX_LIBRARY = "libc++";
				CLANG_ENABLE_MODULES = YES;
				CLANG_ENABLE_OBJC_ARC = YES;
				CLANG_WARN_BOOL_CONVERSION = YES;
				CLANG_WARN_CONSTANT_CONVERSION = YES;
				CLANG_WARN_DIRECT_OBJC_ISA_USAGE = YES_ERROR;
				CLANG_WARN_DOCUMENTATION_COMMENTS = YES;
				CLANG_WARN_EMPTY_BODY = YES;
				CLANG_WARN_ENUM_CONVERSION = YES;
				CLANG_WARN_INFINITE_RECURSION = YES;
				CLANG_WARN_INT_CONVERSION = YES;
				CLANG_WARN_OBJC_ROOT_CLASS = YES_ERROR;
				CLANG_WARN_SUSPICIOUS_MOVE = YES;
				CLANG_WARN_UNREACHABLE_CODE = YES;
				CLANG_WARN__DUPLICATE_METHOD_MATCH = YES;
				"CODE_SIGN_IDENTITY[sdk=iphoneos*]" = "iPhone Developer";
				COPY_PHASE_STRIP = NO;
				DEBUG_INFORMATION_FORMAT = "dwarf-with-dsym";
				ENABLE_NS_ASSERTIONS = NO;
				ENABLE_STRICT_OBJC_MSGSEND = YES;
				GCC_C_LANGUAGE_STANDARD = gnu99;
				GCC_NO_COMMON_BLOCKS = YES;
				GCC_WARN_64_TO_32_BIT_CONVERSION = YES;
				GCC_WARN_ABOUT_RETURN_TYPE = YES_ERROR;
				GCC_WARN_UNDECLARED_SELECTOR = YES;
				GCC_WARN_UNINITIALIZED_AUTOS = YES_AGGRESSIVE;
				GCC_WARN_UNUSED_FUNCTION = YES;
				GCC_WARN_UNUSED_VARIABLE = YES;
				IPHONEOS_DEPLOYMENT_TARGET = 10.3;
				MTL_ENABLE_DEBUG_INFO = NO;
				SDKROOT = iphoneos;
				SWIFT_OPTIMIZATION_LEVEL = "-Owholemodule";
				TARGETED_DEVICE_FAMILY = "1,2";
				VALIDATE_PRODUCT = YES;
			};
			name = Release;
		};
		2968355F1EC487E7004BCA50 /* Debug */ = {
			isa = XCBuildConfiguration;
			baseConfigurationReference = BCA9937EB65512E4D4EFF4CB /* Pods-MusicSync.debug.xcconfig */;
			buildSettings = {
				ASSETCATALOG_COMPILER_APPICON_NAME = AppIcon;
				"CODE_SIGN_IDENTITY[sdk=iphoneos*]" = "iPhone Developer";
				DEVELOPMENT_TEAM = 8QFLX5HN9Q;
				INFOPLIST_FILE = MusicSync/Info.plist;
				IPHONEOS_DEPLOYMENT_TARGET = 9.3;
				LD_RUNPATH_SEARCH_PATHS = "$(inherited) @executable_path/Frameworks";
				PRODUCT_BUNDLE_IDENTIFIER = HHU.MusicSync;
				PRODUCT_NAME = "$(TARGET_NAME)";
				PROVISIONING_PROFILE_SPECIFIER = "";
				SWIFT_VERSION = 3.0;
				TARGETED_DEVICE_FAMILY = 1;
			};
			name = Debug;
		};
		296835601EC487E7004BCA50 /* Release */ = {
			isa = XCBuildConfiguration;
			baseConfigurationReference = 7C93FFADEECF283D5B7BC454 /* Pods-MusicSync.release.xcconfig */;
			buildSettings = {
				ASSETCATALOG_COMPILER_APPICON_NAME = AppIcon;
				"CODE_SIGN_IDENTITY[sdk=iphoneos*]" = "iPhone Developer";
				DEVELOPMENT_TEAM = 8QFLX5HN9Q;
				INFOPLIST_FILE = MusicSync/Info.plist;
				IPHONEOS_DEPLOYMENT_TARGET = 9.3;
				LD_RUNPATH_SEARCH_PATHS = "$(inherited) @executable_path/Frameworks";
				PRODUCT_BUNDLE_IDENTIFIER = HHU.MusicSync;
				PRODUCT_NAME = "$(TARGET_NAME)";
				PROVISIONING_PROFILE_SPECIFIER = "";
				SWIFT_VERSION = 3.0;
				TARGETED_DEVICE_FAMILY = 1;
			};
			name = Release;
		};
		296835621EC487E7004BCA50 /* Debug */ = {
			isa = XCBuildConfiguration;
			baseConfigurationReference = 95EB0F1D36798877453CB1EF /* Pods-MusicSync-MusicSyncTests.debug.xcconfig */;
			buildSettings = {
				ALWAYS_EMBED_SWIFT_STANDARD_LIBRARIES = YES;
				BUNDLE_LOADER = "$(TEST_HOST)";
				INFOPLIST_FILE = MusicSyncTests/Info.plist;
				LD_RUNPATH_SEARCH_PATHS = "$(inherited) @executable_path/Frameworks @loader_path/Frameworks";
				PRODUCT_BUNDLE_IDENTIFIER = hhu.MusicSyncTests;
				PRODUCT_NAME = "$(TARGET_NAME)";
				SWIFT_VERSION = 3.0;
				TEST_HOST = "$(BUILT_PRODUCTS_DIR)/MusicSync.app/MusicSync";
			};
			name = Debug;
		};
		296835631EC487E7004BCA50 /* Release */ = {
			isa = XCBuildConfiguration;
			baseConfigurationReference = 7CC985383D2FB6DA18742D95 /* Pods-MusicSync-MusicSyncTests.release.xcconfig */;
			buildSettings = {
				ALWAYS_EMBED_SWIFT_STANDARD_LIBRARIES = YES;
				BUNDLE_LOADER = "$(TEST_HOST)";
				INFOPLIST_FILE = MusicSyncTests/Info.plist;
				LD_RUNPATH_SEARCH_PATHS = "$(inherited) @executable_path/Frameworks @loader_path/Frameworks";
				PRODUCT_BUNDLE_IDENTIFIER = hhu.MusicSyncTests;
				PRODUCT_NAME = "$(TARGET_NAME)";
				SWIFT_VERSION = 3.0;
				TEST_HOST = "$(BUILT_PRODUCTS_DIR)/MusicSync.app/MusicSync";
			};
			name = Release;
		};
		296835651EC487E7004BCA50 /* Debug */ = {
			isa = XCBuildConfiguration;
			baseConfigurationReference = 46665A0F17BD12DFCFEEA7C5 /* Pods-MusicSyncUITests.debug.xcconfig */;
			buildSettings = {
				ALWAYS_EMBED_SWIFT_STANDARD_LIBRARIES = YES;
				INFOPLIST_FILE = MusicSyncUITests/Info.plist;
				LD_RUNPATH_SEARCH_PATHS = "$(inherited) @executable_path/Frameworks @loader_path/Frameworks";
				PRODUCT_BUNDLE_IDENTIFIER = hhu.MusicSyncUITests;
				PRODUCT_NAME = "$(TARGET_NAME)";
				SWIFT_VERSION = 3.0;
				TEST_TARGET_NAME = MusicSync;
			};
			name = Debug;
		};
		296835661EC487E7004BCA50 /* Release */ = {
			isa = XCBuildConfiguration;
			baseConfigurationReference = B455AC130F0CA9A842595F56 /* Pods-MusicSyncUITests.release.xcconfig */;
			buildSettings = {
				ALWAYS_EMBED_SWIFT_STANDARD_LIBRARIES = YES;
				INFOPLIST_FILE = MusicSyncUITests/Info.plist;
				LD_RUNPATH_SEARCH_PATHS = "$(inherited) @executable_path/Frameworks @loader_path/Frameworks";
				PRODUCT_BUNDLE_IDENTIFIER = hhu.MusicSyncUITests;
				PRODUCT_NAME = "$(TARGET_NAME)";
				SWIFT_VERSION = 3.0;
				TEST_TARGET_NAME = MusicSync;
			};
			name = Release;
		};
/* End XCBuildConfiguration section */

/* Begin XCConfigurationList section */
		2968352F1EC487E7004BCA50 /* Build configuration list for PBXProject "MusicSync" */ = {
			isa = XCConfigurationList;
			buildConfigurations = (
				2968355C1EC487E7004BCA50 /* Debug */,
				2968355D1EC487E7004BCA50 /* Release */,
			);
			defaultConfigurationIsVisible = 0;
			defaultConfigurationName = Release;
		};
		2968355E1EC487E7004BCA50 /* Build configuration list for PBXNativeTarget "MusicSync" */ = {
			isa = XCConfigurationList;
			buildConfigurations = (
				2968355F1EC487E7004BCA50 /* Debug */,
				296835601EC487E7004BCA50 /* Release */,
			);
			defaultConfigurationIsVisible = 0;
			defaultConfigurationName = Release;
		};
		296835611EC487E7004BCA50 /* Build configuration list for PBXNativeTarget "MusicSyncTests" */ = {
			isa = XCConfigurationList;
			buildConfigurations = (
				296835621EC487E7004BCA50 /* Debug */,
				296835631EC487E7004BCA50 /* Release */,
			);
			defaultConfigurationIsVisible = 0;
			defaultConfigurationName = Release;
		};
		296835641EC487E7004BCA50 /* Build configuration list for PBXNativeTarget "MusicSyncUITests" */ = {
			isa = XCConfigurationList;
			buildConfigurations = (
				296835651EC487E7004BCA50 /* Debug */,
				296835661EC487E7004BCA50 /* Release */,
			);
			defaultConfigurationIsVisible = 0;
			defaultConfigurationName = Release;
		};
/* End XCConfigurationList section */

/* Begin XCVersionGroup section */
		2968356B1EFAD08C004BCA50 /* DataModel.xcdatamodeld */ = {
			isa = XCVersionGroup;
			children = (
				2968356C1EFAD08C004BCA50 /* DataModel.xcdatamodel */,
			);
			currentVersion = 2968356C1EFAD08C004BCA50 /* DataModel.xcdatamodel */;
			name = DataModel.xcdatamodeld;
			path = ../DataModel.xcdatamodeld;
			sourceTree = "<group>";
			versionGroupType = wrapper.xcdatamodel;
		};
/* End XCVersionGroup section */
	};
	rootObject = 2968352C1EC487E7004BCA50 /* Project object */;
}
